PODS:
  - BytetradeCapacitorNativeBiometric (6.0.5):
    - Capacitor
  - Capacitor (6.2.1):
    - CapacitorCordova
  - CapacitorApp (6.0.3):
    - Capacitor
  - CapacitorBrowser (6.0.6):
    - Capacitor
  - CapacitorCordova (6.2.1)
  - CapacitorSecureStoragePlugin (0.10.0):
    - Capacitor
    - SwiftKeychainWrapper
  - CapacitorSplashScreen (6.0.4):
    - Capacitor
  - CapacitorStatusBar (6.0.3):
    - Capacitor
  - SwiftKeychainWrapper (4.0.1)

DEPENDENCIES:
  - "BytetradeCapacitorNativeBiometric (from `../../../../node_modules/@bytetrade/capacitor-native-biometric`)"
  - "Capacitor (from `../../../../node_modules/@capacitor/ios`)"
  - "CapacitorApp (from `../../../../node_modules/@capacitor/app`)"
  - "CapacitorBrowser (from `../../../../node_modules/@capacitor/browser`)"
  - "CapacitorCordova (from `../../../../node_modules/@capacitor/ios`)"
  - CapacitorSecureStoragePlugin (from `../../../../node_modules/capacitor-secure-storage-plugin`)
  - "CapacitorSplashScreen (from `../../../../node_modules/@capacitor/splash-screen`)"
  - "CapacitorStatusBar (from `../../../../node_modules/@capacitor/status-bar`)"

SPEC REPOS:
  trunk:
    - SwiftKeychainWrapper

EXTERNAL SOURCES:
  BytetradeCapacitorNativeBiometric:
    :path: "../../../../node_modules/@bytetrade/capacitor-native-biometric"
  Capacitor:
    :path: "../../../../node_modules/@capacitor/ios"
  CapacitorApp:
    :path: "../../../../node_modules/@capacitor/app"
  CapacitorBrowser:
    :path: "../../../../node_modules/@capacitor/browser"
  CapacitorCordova:
    :path: "../../../../node_modules/@capacitor/ios"
  CapacitorSecureStoragePlugin:
    :path: "../../../../node_modules/capacitor-secure-storage-plugin"
  CapacitorSplashScreen:
    :path: "../../../../node_modules/@capacitor/splash-screen"
  CapacitorStatusBar:
    :path: "../../../../node_modules/@capacitor/status-bar"

SPEC CHECKSUMS:
  BytetradeCapacitorNativeBiometric: d1773eb3d38148f008480304f77dd1ecc1cdb577
  Capacitor: c95400d761e376be9da6be5a05f226c0e865cebf
  CapacitorApp: a19ccb4f5f32d2534be5c6f524d5a9b614a1e8a7
  CapacitorBrowser: 825163a1d6adce944ac7b9e3cab101146b5a9df8
  CapacitorCordova: 8d93e14982f440181be7304aa9559ca631d77fff
  CapacitorSecureStoragePlugin: 545b51d782d35e61a39231ecf99a966b060a2cbb
  CapacitorSplashScreen: ef140a8b1ea7244e0c245ce2dd4ce5251e7ab86a
  CapacitorStatusBar: 149cde8f1328ec3aa6cbdd872a55137ae3f98b16
  SwiftKeychainWrapper: 807ba1d63c33a7d0613288512399cd1eda1e470c

PODFILE CHECKSUM: 461fa1e8d492969a65179ccd78b4c31fa213ced8

COCOAPODS: 1.16.2
